
Microsoft Visual Studio Solution File, Format Version 12.00
# Visual Studio Version 17
VisualStudioVersion = 17.13.35919.96 d17.13
MinimumVisualStudioVersion = 10.0.40219.1
Project("{FAE04EC0-301F-11D3-BF4B-00C04F79EFBC}") = "HR_department", "HR_department.csproj", "{2BF49B85-54FA-4587-901E-1C4A8DCB08E1}"
EndProject
Project("{FAE04EC0-301F-11D3-BF4B-00C04F79EFBC}") = "UnitTestProject2", "..\UnitTestProject2\UnitTestProject2.csproj", "{F1DDBF42-9D90-46B1-B4BE-1AA455436E21}"
EndProject
Global
	GlobalSection(SolutionConfigurationPlatforms) = preSolution
		Debug|Any CPU = Debug|Any CPU
		Release|Any CPU = Release|Any CPU
	EndGlobalSection
	GlobalSection(ProjectConfigurationPlatforms) = postSolution
		{2BF49B85-54FA-4587-901E-1C4A8DCB08E1}.Debug|Any CPU.ActiveCfg = Debug|Any CPU
		{2BF49B85-54FA-4587-901E-1C4A8DCB08E1}.Debug|Any CPU.Build.0 = Debug|Any CPU
		{2BF49B85-54FA-4587-901E-1C4A8DCB08E1}.Release|Any CPU.ActiveCfg = Release|Any CPU
		{2BF49B85-54FA-4587-901E-1C4A8DCB08E1}.Release|Any CPU.Build.0 = Release|Any CPU
		{F1DDBF42-9D90-46B1-B4BE-1AA455436E21}.Debug|Any CPU.ActiveCfg = Debug|Any CPU
		{F1DDBF42-9D90-46B1-B4BE-1AA455436E21}.Debug|Any CPU.Build.0 = Debug|Any CPU
		{F1DDBF42-9D90-46B1-B4BE-1AA455436E21}.Release|Any CPU.ActiveCfg = Release|Any CPU
		{F1DDBF42-9D90-46B1-B4BE-1AA455436E21}.Release|Any CPU.Build.0 = Release|Any CPU
	EndGlobalSection
	GlobalSection(SolutionProperties) = preSolution
		HideSolutionNode = FALSE
	EndGlobalSection
	GlobalSection(ExtensibilityGlobals) = postSolution
		SolutionGuid = {91D4B85E-F904-42D6-81FA-0D29246E3493}
	EndGlobalSection
EndGlobal
